
Microsoft Visual Studio Solution File, Format Version 12.00
# Visual Studio Version 17
VisualStudioVersion = 17.9.34616.47
MinimumVisualStudioVersion = 10.0.40219.1
Project("{8BC9CEB8-8B4A-11D0-8D11-00A0C91BC942}") = "Forbidden_words_M", "Forbidden_words_M\Forbidden_words_M.vcxproj", "{CC81799D-CAE1-4DFF-AB2F-0ED7ED777C0B}"
EndProject
Global
	GlobalSection(SolutionConfigurationPlatforms) = preSolution
		Debug|x64 = Debug|x64
		Debug|x86 = Debug|x86
		Release|x64 = Release|x64
		Release|x86 = Release|x86
	EndGlobalSection
	GlobalSection(ProjectConfigurationPlatforms) = postSolution
		{CC81799D-CAE1-4DFF-AB2F-0ED7ED777C0B}.Debug|x64.ActiveCfg = Debug|x64
		{CC81799D-CAE1-4DFF-AB2F-0ED7ED777C0B}.Debug|x64.Build.0 = Debug|x64
		{CC81799D-CAE1-4DFF-AB2F-0ED7ED777C0B}.Debug|x86.ActiveCfg = Debug|Win32
		{CC81799D-CAE1-4DFF-AB2F-0ED7ED777C0B}.Debug|x86.Build.0 = Debug|Win32
		{CC81799D-CAE1-4DFF-AB2F-0ED7ED777C0B}.Release|x64.ActiveCfg = Release|x64
		{CC81799D-CAE1-4DFF-AB2F-0ED7ED777C0B}.Release|x64.Build.0 = Release|x64
		{CC81799D-CAE1-4DFF-AB2F-0ED7ED777C0B}.Release|x86.ActiveCfg = Release|Win32
		{CC81799D-CAE1-4DFF-AB2F-0ED7ED777C0B}.Release|x86.Build.0 = Release|Win32
	EndGlobalSection
	GlobalSection(SolutionProperties) = preSolution
		HideSolutionNode = FALSE
	EndGlobalSection
	GlobalSection(ExtensibilityGlobals) = postSolution
		SolutionGuid = {7263E0A3-9ADE-43D5-BA80-8064A544318A}
	EndGlobalSection
EndGlobal
